
Microsoft Visual Studio Solution File, Format Version 12.00
# Visual Studio Version 17
VisualStudioVersion = 17.5.33502.453
MinimumVisualStudioVersion = 10.0.40219.1
Project("{FAE04EC0-301F-11D3-BF4B-00C04F79EFBC}") = "AD1", "AD1\AD1.csproj", "{CBD13A84-65A7-4863-9DFC-43F3D9C6336D}"
EndProject
Global
	GlobalSection(SolutionConfigurationPlatforms) = preSolution
		Debug|Any CPU = Debug|Any CPU
		Release|Any CPU = Release|Any CPU
	EndGlobalSection
	GlobalSection(ProjectConfigurationPlatforms) = postSolution
		{CBD13A84-65A7-4863-9DFC-43F3D9C6336D}.Debug|Any CPU.ActiveCfg = Debug|Any CPU
		{CBD13A84-65A7-4863-9DFC-43F3D9C6336D}.Debug|Any CPU.Build.0 = Debug|Any CPU
		{CBD13A84-65A7-4863-9DFC-43F3D9C6336D}.Release|Any CPU.ActiveCfg = Release|Any CPU
		{CBD13A84-65A7-4863-9DFC-43F3D9C6336D}.Release|Any CPU.Build.0 = Release|Any CPU
	EndGlobalSection
	GlobalSection(SolutionProperties) = preSolution
		HideSolutionNode = FALSE
	EndGlobalSection
	GlobalSection(ExtensibilityGlobals) = postSolution
		SolutionGuid = {362F4956-975B-4FF2-B6B7-C12AD75B453F}
	EndGlobalSection
EndGlobal
